
Microsoft Visual Studio Solution File, Format Version 12.00
# Visual Studio Version 16
VisualStudioVersion = 16.0.29418.71
MinimumVisualStudioVersion = 10.0.40219.1
Project("{8BC9CEB8-8B4A-11D0-8D11-00A0C91BC942}") = "demo", "demo\demo.vcxproj", "{9E1E150A-C077-4283-922D-F0D0A97A8CE2}"
EndProject
Project("{8BC9CEB8-8B4A-11D0-8D11-00A0C91BC942}") = "cin和cout", "cin和cout\cin和cout.vcxproj", "{401F6F50-829A-4698-9D77-F362004B0718}"
EndProject
Project("{8BC9CEB8-8B4A-11D0-8D11-00A0C91BC942}") = "string", "string\string.vcxproj", "{1C826131-8C03-464F-87DA-AEB70A5FE308}"
EndProject
Project("{8BC9CEB8-8B4A-11D0-8D11-00A0C91BC942}") = "引用", "引用\引用.vcxproj", "{DD252446-7A63-4D6A-8063-F5D79DBA43ED}"
EndProject
Project("{8BC9CEB8-8B4A-11D0-8D11-00A0C91BC942}") = "类的定义", "类的定义\类的定义.vcxproj", "{55172C61-8563-42D1-B4E4-E0DCB2E78611}"
EndProject
Project("{8BC9CEB8-8B4A-11D0-8D11-00A0C91BC942}") = "构造函数", "构造函数\构造函数.vcxproj", "{EFCB4664-2341-4073-804F-67BD1A981220}"
EndProject
Project("{8BC9CEB8-8B4A-11D0-8D11-00A0C91BC942}") = "操作Redis", "操作Redis\操作Redis.vcxproj", "{9AB1BDF5-D201-4200-8E55-3B5D768843F8}"
EndProject
Project("{8BC9CEB8-8B4A-11D0-8D11-00A0C91BC942}") = "重载与默认参数", "重载与默认参数\重载与默认参数.vcxproj", "{FA459DE3-96E7-4EE1-B0BE-F617A6CE20FB}"
EndProject
Project("{8BC9CEB8-8B4A-11D0-8D11-00A0C91BC942}") = "立方体", "立方体\立方体.vcxproj", "{B398FED5-C09C-456C-B3D3-BA55617A974A}"
EndProject
Project("{8BC9CEB8-8B4A-11D0-8D11-00A0C91BC942}") = "基本的数据类型", "基本的数据类型\基本的数据类型.vcxproj", "{66D40EAB-2E4A-4258-8176-0825E65F1B61}"
EndProject
Project("{8BC9CEB8-8B4A-11D0-8D11-00A0C91BC942}") = "全局变量", "全局变量\全局变量.vcxproj", "{2D925BC9-A949-4CF4-A983-89A1182D7DA0}"
EndProject
Project("{8BC9CEB8-8B4A-11D0-8D11-00A0C91BC942}") = "静态局部变量", "静态局部变量\静态局部变量.vcxproj", "{8124F343-2B60-4D4C-96EC-2EB4A58BCF25}"
EndProject
Global
	GlobalSection(SolutionConfigurationPlatforms) = preSolution
		Debug|x64 = Debug|x64
		Debug|x86 = Debug|x86
		Release|x64 = Release|x64
		Release|x86 = Release|x86
	EndGlobalSection
	GlobalSection(ProjectConfigurationPlatforms) = postSolution
		{9E1E150A-C077-4283-922D-F0D0A97A8CE2}.Debug|x64.ActiveCfg = Debug|x64
		{9E1E150A-C077-4283-922D-F0D0A97A8CE2}.Debug|x64.Build.0 = Debug|x64
		{9E1E150A-C077-4283-922D-F0D0A97A8CE2}.Debug|x86.ActiveCfg = Debug|Win32
		{9E1E150A-C077-4283-922D-F0D0A97A8CE2}.Debug|x86.Build.0 = Debug|Win32
		{9E1E150A-C077-4283-922D-F0D0A97A8CE2}.Release|x64.ActiveCfg = Release|x64
		{9E1E150A-C077-4283-922D-F0D0A97A8CE2}.Release|x64.Build.0 = Release|x64
		{9E1E150A-C077-4283-922D-F0D0A97A8CE2}.Release|x86.ActiveCfg = Release|Win32
		{9E1E150A-C077-4283-922D-F0D0A97A8CE2}.Release|x86.Build.0 = Release|Win32
		{401F6F50-829A-4698-9D77-F362004B0718}.Debug|x64.ActiveCfg = Debug|x64
		{401F6F50-829A-4698-9D77-F362004B0718}.Debug|x64.Build.0 = Debug|x64
		{401F6F50-829A-4698-9D77-F362004B0718}.Debug|x86.ActiveCfg = Debug|Win32
		{401F6F50-829A-4698-9D77-F362004B0718}.Debug|x86.Build.0 = Debug|Win32
		{401F6F50-829A-4698-9D77-F362004B0718}.Release|x64.ActiveCfg = Release|x64
		{401F6F50-829A-4698-9D77-F362004B0718}.Release|x64.Build.0 = Release|x64
		{401F6F50-829A-4698-9D77-F362004B0718}.Release|x86.ActiveCfg = Release|Win32
		{401F6F50-829A-4698-9D77-F362004B0718}.Release|x86.Build.0 = Release|Win32
		{1C826131-8C03-464F-87DA-AEB70A5FE308}.Debug|x64.ActiveCfg = Debug|x64
		{1C826131-8C03-464F-87DA-AEB70A5FE308}.Debug|x64.Build.0 = Debug|x64
		{1C826131-8C03-464F-87DA-AEB70A5FE308}.Debug|x86.ActiveCfg = Debug|Win32
		{1C826131-8C03-464F-87DA-AEB70A5FE308}.Debug|x86.Build.0 = Debug|Win32
		{1C826131-8C03-464F-87DA-AEB70A5FE308}.Release|x64.ActiveCfg = Release|x64
		{1C826131-8C03-464F-87DA-AEB70A5FE308}.Release|x64.Build.0 = Release|x64
		{1C826131-8C03-464F-87DA-AEB70A5FE308}.Release|x86.ActiveCfg = Release|Win32
		{1C826131-8C03-464F-87DA-AEB70A5FE308}.Release|x86.Build.0 = Release|Win32
		{DD252446-7A63-4D6A-8063-F5D79DBA43ED}.Debug|x64.ActiveCfg = Debug|x64
		{DD252446-7A63-4D6A-8063-F5D79DBA43ED}.Debug|x64.Build.0 = Debug|x64
		{DD252446-7A63-4D6A-8063-F5D79DBA43ED}.Debug|x86.ActiveCfg = Debug|Win32
		{DD252446-7A63-4D6A-8063-F5D79DBA43ED}.Debug|x86.Build.0 = Debug|Win32
		{DD252446-7A63-4D6A-8063-F5D79DBA43ED}.Release|x64.ActiveCfg = Release|x64
		{DD252446-7A63-4D6A-8063-F5D79DBA43ED}.Release|x64.Build.0 = Release|x64
		{DD252446-7A63-4D6A-8063-F5D79DBA43ED}.Release|x86.ActiveCfg = Release|Win32
		{DD252446-7A63-4D6A-8063-F5D79DBA43ED}.Release|x86.Build.0 = Release|Win32
		{55172C61-8563-42D1-B4E4-E0DCB2E78611}.Debug|x64.ActiveCfg = Debug|x64
		{55172C61-8563-42D1-B4E4-E0DCB2E78611}.Debug|x64.Build.0 = Debug|x64
		{55172C61-8563-42D1-B4E4-E0DCB2E78611}.Debug|x86.ActiveCfg = Debug|Win32
		{55172C61-8563-42D1-B4E4-E0DCB2E78611}.Debug|x86.Build.0 = Debug|Win32
		{55172C61-8563-42D1-B4E4-E0DCB2E78611}.Release|x64.ActiveCfg = Release|x64
		{55172C61-8563-42D1-B4E4-E0DCB2E78611}.Release|x64.Build.0 = Release|x64
		{55172C61-8563-42D1-B4E4-E0DCB2E78611}.Release|x86.ActiveCfg = Release|Win32
		{55172C61-8563-42D1-B4E4-E0DCB2E78611}.Release|x86.Build.0 = Release|Win32
		{EFCB4664-2341-4073-804F-67BD1A981220}.Debug|x64.ActiveCfg = Debug|x64
		{EFCB4664-2341-4073-804F-67BD1A981220}.Debug|x64.Build.0 = Debug|x64
		{EFCB4664-2341-4073-804F-67BD1A981220}.Debug|x86.ActiveCfg = Debug|Win32
		{EFCB4664-2341-4073-804F-67BD1A981220}.Debug|x86.Build.0 = Debug|Win32
		{EFCB4664-2341-4073-804F-67BD1A981220}.Release|x64.ActiveCfg = Release|x64
		{EFCB4664-2341-4073-804F-67BD1A981220}.Release|x64.Build.0 = Release|x64
		{EFCB4664-2341-4073-804F-67BD1A981220}.Release|x86.ActiveCfg = Release|Win32
		{EFCB4664-2341-4073-804F-67BD1A981220}.Release|x86.Build.0 = Release|Win32
		{9AB1BDF5-D201-4200-8E55-3B5D768843F8}.Debug|x64.ActiveCfg = Debug|x64
		{9AB1BDF5-D201-4200-8E55-3B5D768843F8}.Debug|x64.Build.0 = Debug|x64
		{9AB1BDF5-D201-4200-8E55-3B5D768843F8}.Debug|x86.ActiveCfg = Debug|Win32
		{9AB1BDF5-D201-4200-8E55-3B5D768843F8}.Debug|x86.Build.0 = Debug|Win32
		{9AB1BDF5-D201-4200-8E55-3B5D768843F8}.Release|x64.ActiveCfg = Release|x64
		{9AB1BDF5-D201-4200-8E55-3B5D768843F8}.Release|x64.Build.0 = Release|x64
		{9AB1BDF5-D201-4200-8E55-3B5D768843F8}.Release|x86.ActiveCfg = Release|Win32
		{9AB1BDF5-D201-4200-8E55-3B5D768843F8}.Release|x86.Build.0 = Release|Win32
		{FA459DE3-96E7-4EE1-B0BE-F617A6CE20FB}.Debug|x64.ActiveCfg = Debug|x64
		{FA459DE3-96E7-4EE1-B0BE-F617A6CE20FB}.Debug|x64.Build.0 = Debug|x64
		{FA459DE3-96E7-4EE1-B0BE-F617A6CE20FB}.Debug|x86.ActiveCfg = Debug|Win32
		{FA459DE3-96E7-4EE1-B0BE-F617A6CE20FB}.Debug|x86.Build.0 = Debug|Win32
		{FA459DE3-96E7-4EE1-B0BE-F617A6CE20FB}.Release|x64.ActiveCfg = Release|x64
		{FA459DE3-96E7-4EE1-B0BE-F617A6CE20FB}.Release|x64.Build.0 = Release|x64
		{FA459DE3-96E7-4EE1-B0BE-F617A6CE20FB}.Release|x86.ActiveCfg = Release|Win32
		{FA459DE3-96E7-4EE1-B0BE-F617A6CE20FB}.Release|x86.Build.0 = Release|Win32
		{B398FED5-C09C-456C-B3D3-BA55617A974A}.Debug|x64.ActiveCfg = Debug|x64
		{B398FED5-C09C-456C-B3D3-BA55617A974A}.Debug|x64.Build.0 = Debug|x64
		{B398FED5-C09C-456C-B3D3-BA55617A974A}.Debug|x86.ActiveCfg = Debug|Win32
		{B398FED5-C09C-456C-B3D3-BA55617A974A}.Debug|x86.Build.0 = Debug|Win32
		{B398FED5-C09C-456C-B3D3-BA55617A974A}.Release|x64.ActiveCfg = Release|x64
		{B398FED5-C09C-456C-B3D3-BA55617A974A}.Release|x64.Build.0 = Release|x64
		{B398FED5-C09C-456C-B3D3-BA55617A974A}.Release|x86.ActiveCfg = Release|Win32
		{B398FED5-C09C-456C-B3D3-BA55617A974A}.Release|x86.Build.0 = Release|Win32
		{66D40EAB-2E4A-4258-8176-0825E65F1B61}.Debug|x64.ActiveCfg = Debug|x64
		{66D40EAB-2E4A-4258-8176-0825E65F1B61}.Debug|x64.Build.0 = Debug|x64
		{66D40EAB-2E4A-4258-8176-0825E65F1B61}.Debug|x86.ActiveCfg = Debug|Win32
		{66D40EAB-2E4A-4258-8176-0825E65F1B61}.Debug|x86.Build.0 = Debug|Win32
		{66D40EAB-2E4A-4258-8176-0825E65F1B61}.Release|x64.ActiveCfg = Release|x64
		{66D40EAB-2E4A-4258-8176-0825E65F1B61}.Release|x64.Build.0 = Release|x64
		{66D40EAB-2E4A-4258-8176-0825E65F1B61}.Release|x86.ActiveCfg = Release|Win32
		{66D40EAB-2E4A-4258-8176-0825E65F1B61}.Release|x86.Build.0 = Release|Win32
		{2D925BC9-A949-4CF4-A983-89A1182D7DA0}.Debug|x64.ActiveCfg = Debug|x64
		{2D925BC9-A949-4CF4-A983-89A1182D7DA0}.Debug|x64.Build.0 = Debug|x64
		{2D925BC9-A949-4CF4-A983-89A1182D7DA0}.Debug|x86.ActiveCfg = Debug|Win32
		{2D925BC9-A949-4CF4-A983-89A1182D7DA0}.Debug|x86.Build.0 = Debug|Win32
		{2D925BC9-A949-4CF4-A983-89A1182D7DA0}.Release|x64.ActiveCfg = Release|x64
		{2D925BC9-A949-4CF4-A983-89A1182D7DA0}.Release|x64.Build.0 = Release|x64
		{2D925BC9-A949-4CF4-A983-89A1182D7DA0}.Release|x86.ActiveCfg = Release|Win32
		{2D925BC9-A949-4CF4-A983-89A1182D7DA0}.Release|x86.Build.0 = Release|Win32
		{8124F343-2B60-4D4C-96EC-2EB4A58BCF25}.Debug|x64.ActiveCfg = Debug|x64
		{8124F343-2B60-4D4C-96EC-2EB4A58BCF25}.Debug|x64.Build.0 = Debug|x64
		{8124F343-2B60-4D4C-96EC-2EB4A58BCF25}.Debug|x86.ActiveCfg = Debug|Win32
		{8124F343-2B60-4D4C-96EC-2EB4A58BCF25}.Debug|x86.Build.0 = Debug|Win32
		{8124F343-2B60-4D4C-96EC-2EB4A58BCF25}.Release|x64.ActiveCfg = Release|x64
		{8124F343-2B60-4D4C-96EC-2EB4A58BCF25}.Release|x64.Build.0 = Release|x64
		{8124F343-2B60-4D4C-96EC-2EB4A58BCF25}.Release|x86.ActiveCfg = Release|Win32
		{8124F343-2B60-4D4C-96EC-2EB4A58BCF25}.Release|x86.Build.0 = Release|Win32
	EndGlobalSection
	GlobalSection(SolutionProperties) = preSolution
		HideSolutionNode = FALSE
	EndGlobalSection
	GlobalSection(ExtensibilityGlobals) = postSolution
		SolutionGuid = {E5496BBD-AF01-4BB4-A06C-500F04108778}
	EndGlobalSection
EndGlobal
